
Microsoft Visual Studio Solution File, Format Version 12.00
# Visual Studio Version 17
VisualStudioVersion = 17.4.33103.184
MinimumVisualStudioVersion = 10.0.40219.1
Project("{FAE04EC0-301F-11D3-BF4B-00C04F79EFBC}") = "WPF_MVVM_CRUD", "WPF_MVVM_CRUD\WPF_MVVM_CRUD.csproj", "{DD84EA34-09B7-4524-AA01-97A66B29DBBC}"
EndProject
Global
	GlobalSection(SolutionConfigurationPlatforms) = preSolution
		Debug|Any CPU = Debug|Any CPU
		Release|Any CPU = Release|Any CPU
	EndGlobalSection
	GlobalSection(ProjectConfigurationPlatforms) = postSolution
		{DD84EA34-09B7-4524-AA01-97A66B29DBBC}.Debug|Any CPU.ActiveCfg = Debug|Any CPU
		{DD84EA34-09B7-4524-AA01-97A66B29DBBC}.Debug|Any CPU.Build.0 = Debug|Any CPU
		{DD84EA34-09B7-4524-AA01-97A66B29DBBC}.Release|Any CPU.ActiveCfg = Release|Any CPU
		{DD84EA34-09B7-4524-AA01-97A66B29DBBC}.Release|Any CPU.Build.0 = Release|Any CPU
	EndGlobalSection
	GlobalSection(SolutionProperties) = preSolution
		HideSolutionNode = FALSE
	EndGlobalSection
	GlobalSection(ExtensibilityGlobals) = postSolution
		SolutionGuid = {FD35C11A-F003-4A4E-81EB-979FE6712CB0}
	EndGlobalSection
EndGlobal
